{
  "name": "fconfig_handler",
  "version": "1.0.2",
  "lockfileVersion": 1,
  "requires": true,
  "dependencies": {
    "read-write-json": {
      "version": "1.0.5",
      "resolved": "https://registry.npmjs.org/read-write-json/-/read-write-json-1.0.5.tgz",
      "integrity": "sha512-i/BH0QbpI50jeeax5PhgeDFVtDabZb+eEBE2ewf1x8aJzmzq9hKzYAReI7ln0U3e8q6D85mlqev8hOILXsjWbA=="
    },
    "readline": {
      "version": "1.3.0",
      "resolved": "https://registry.npmjs.org/readline/-/readline-1.3.0.tgz",
      "integrity": "sha1-xYDXfvLPyHUrEySYBg3JeTp6wBw="
    }
  }
}
